{
  "name": "mizloja",
  "version": "0.1.0",
  "lockfileVersion": 3,
  "requires": true,
  "packages": {
    "": {
      "name": "mizloja",
      "version": "0.1.0",
      "dependencies": {
        "@fontsource/quicksand": "^5.3.0",
        "@hookform/resolvers": "^5.9.1",
        "@phosphor-icons/react": "^2.1.10",
        "@supabase/supabase-js": "^2.117.2",
        "@tanstack/react-query": "^5.104.1",
        "date-fns": "^4.4.0",
        "react": "^18.3.1",
        "react-dom": "^18.3.1",
        "react-hook-form": "^7.89.0",
        "react-router-dom": "^6.30.6",
        "zod": "^4.6.5"
      }
    },
    "node_modules/@fontsource/quicksand": {
      "version": "5.3.0",
      "resolved": "https://registry.npmjs.org/@fontsource/quicksand/-/quicksand-5.3.0.tgz",
      "integrity": "sha512-epmMUyXI39f88bZSCyKlHTZqUWg4O7DqrTXOKqsqbVKMLshX9RtIYCUIw+G2nOfEwdIHIjYbeWdwHRcEzRXBRQ==",
      "license": "OFL-1.1",
      "funding": {
        "url": "https://github.com/sponsors/ayuhito"
      }
    },
    "node_modules/@hookform/resolvers": {
      "version": "5.9.1",
      "resolved": "https://registry.npmjs.org/@hookform/resolvers/-/resolvers-5.9.1.tgz",
      "integrity": "sha512-7b7vsbraJxKgjVSA1Nur9tLwj539WGJUBLA7QNvXnFoT2pM5Z7G+6rlukk4B2/QrTZy6huRtH6wKeESPKuIr6w==",
      "license": "MIT",
      "dependencies": {
        "@standard-schema/utils": "^0.3.0"
      },
      "peerDependencies": {
        "@sinclair/typebox": ">=0.25.24",
        "@standard-schema/spec": "^1.0.0",
        "@typeschema/main": ">=0.13.7",
        "@vinejs/vine": "^2.0.0 || ^3.0.0 || ^4.0.0",
        "ajv": "^8.12.0",
        "ajv-errors": "^3.0.0",
        "ajv-formats": "^2.1.1",
        "arktype": "^2.0.0",
        "ata-validator": "^1.2.0",
        "class-transformer": ">=0.4.0",
        "class-validator": ">=0.12.0",
        "computed-types": "^1.0.0",
        "effect": "^3.10.3",
        "fluentvalidation-ts": "^3.0.0",
        "fp-ts": "^2.7.0",
        "io-ts": "^2.0.0",
        "joi": "^17.0.0 || ^18.0.0",
        "nope-validator": ">=0.12.0",
        "react-hook-form": "^7.55.0",
        "superstruct": ">=0.12.0",
        "typanion": "^3.3.2",
        "valibot": ">=0.31.0 || ^1.0.0-beta.4 || ^1.0.0-rc",
        "vest": ">=6.0.0",
        "yup": "^1.0.0",
        "zod": "^3.25.0 || ^4.0.0"
      },
      "peerDependenciesMeta": {
        "@sinclair/typebox": {
          "optional": true
        },
        "@standard-schema/spec": {
          "optional": true
        },
        "@typeschema/main": {
          "optional": true
        },
        "@vinejs/vine": {
          "optional": true
        },
        "ajv": {
          "optional": true
        },
        "ajv-errors": {
          "optional": true
        },
        "ajv-formats": {
          "optional": true
        },
        "arktype": {
          "optional": true
        },
        "ata-validator": {
          "optional": true
        },
        "class-transformer": {
          "optional": true
        },
        "class-validator": {
          "optional": true
        },
        "computed-types": {
          "optional": true
        },
        "effect": {
          "optional": true
        },
        "fluentvalidation-ts": {
          "optional": true
        },
        "fp-ts": {
          "optional": true
        },
        "io-ts": {
          "optional": true
        },
        "joi": {
          "optional": true
        },
        "nope-validator": {
          "optional": true
        },
        "superstruct": {
          "optional": true
        },
        "typanion": {
          "optional": true
        },
        "valibot": {
          "optional": true
        },
        "vest": {
          "optional": true
        },
        "yup": {
          "optional": true
        },
        "zod": {
          "optional": true
        }
      }
    },
    "node_modules/@phosphor-icons/react": {
      "version": "2.1.10",
      "resolved": "https://registry.npmjs.org/@phosphor-icons/react/-/react-2.1.10.tgz",
      "integrity": "sha512-vt8Tvq8GLjheAZZYa+YG/pW7HDbov8El/MANW8pOAz4eGxrwhnbfrQZq0Cp4q8zBEu8NIhHdnr+r8thnfRSNYA==",
      "license": "MIT",
      "engines": {
        "node": ">=10"
      },
      "peerDependencies": {
        "react": ">= 16.8",
        "react-dom": ">= 16.8"
      }
    },
    "node_modules/@remix-run/router": {
      "version": "1.23.4",
      "resolved": "https://registry.npmjs.org/@remix-run/router/-/router-1.23.4.tgz",
      "integrity": "sha512-q7j5geK7xs3UJSdm9/iytUNclBnLmYx1EnSeCFXHPeutdqgIMeFeHtUZgS3EhlKxdBEAu8OwtJCwmLrEzpSs7Q==",
      "license": "MIT",
      "engines": {
        "node": ">=14.0.0"
      }
    },
    "node_modules/@standard-schema/utils": {
      "version": "0.3.0",
      "resolved": "https://registry.npmjs.org/@standard-schema/utils/-/utils-0.3.0.tgz",
      "integrity": "sha512-e7Mew686owMaPJVNNLs55PUvgz371nKgwsc4vxE49zsODpJEnxgxRo2y/OKrqueavXgZNMDVj3DdHFlaSAeU8g==",
      "license": "MIT"
    },
    "node_modules/@supabase/auth-js": {
      "version": "2.117.2",
      "resolved": "https://registry.npmjs.org/@supabase/auth-js/-/auth-js-2.117.2.tgz",
      "integrity": "sha512-Z3WnGwrphYZubrLbxp5Iv0tLA9A5GhvKzJ/ZXglxqwd2QEH2R4dXRltjVJ8sIn4xEW2BSFIGT0yALVJIgZeDYw==",
      "license": "MIT",
      "dependencies": {
        "tslib": "2.8.1"
      },
      "engines": {
        "node": ">=22.0.0"
      }
    },
    "node_modules/@supabase/functions-js": {
      "version": "2.117.2",
      "resolved": "https://registry.npmjs.org/@supabase/functions-js/-/functions-js-2.117.2.tgz",
      "integrity": "sha512-6DT4ZIjmZxa9ANKaBIrjc86AyKrX8M376ynvNeOBBVad3eP7x3UHqWfDR2ynFkHGzCuOpr1A+kObmnahxuwuog==",
      "license": "MIT",
      "dependencies": {
        "tslib": "2.8.1"
      },
      "engines": {
        "node": ">=22.0.0"
      }
    },
    "node_modules/@supabase/phoenix": {
      "version": "0.4.5",
      "resolved": "https://registry.npmjs.org/@supabase/phoenix/-/phoenix-0.4.5.tgz",
      "integrity": "sha512-aAn9H9ovVyeApKy11OWOrrOGq8DV68yWeH4ud2lN9fzn4aO8Zb5GLL9m1pUg9nLqIcT+ZDfAcsZe0E/nqdv2lw==",
      "license": "MIT"
    },
    "node_modules/@supabase/postgrest-js": {
      "version": "2.117.2",
      "resolved": "https://registry.npmjs.org/@supabase/postgrest-js/-/postgrest-js-2.117.2.tgz",
      "integrity": "sha512-V1Qhn+M8xzJqCasOxHZ2KG19Fj39PxU7weEAmOK65/KTsWCRXboB4hcQwFvxRvM7ZikeP9IZWNvQkfjvSxzYFw==",
      "license": "MIT",
      "dependencies": {
        "tslib": "2.8.1"
      },
      "engines": {
        "node": ">=22.0.0"
      }
    },
    "node_modules/@supabase/realtime-js": {
      "version": "2.117.2",
      "resolved": "https://registry.npmjs.org/@supabase/realtime-js/-/realtime-js-2.117.2.tgz",
      "integrity": "sha512-lYXSAIg3eAKA58riUED6Vb+TCzF8jtx18uOoiCaVJ7ZMre6FWBpwB1MPeW+B6vykJT/hPdiuqwcSB7ILMS21ew==",
      "license": "MIT",
      "dependencies": {
        "@supabase/phoenix": "0.4.5",
        "tslib": "2.8.1"
      },
      "engines": {
        "node": ">=22.0.0"
      }
    },
    "node_modules/@supabase/storage-js": {
      "version": "2.117.2",
      "resolved": "https://registry.npmjs.org/@supabase/storage-js/-/storage-js-2.117.2.tgz",
      "integrity": "sha512-8gAJoVaxZa/War2kFRfJMxGk4M190Q7lJ70BofwGlRxU/u9pIodd6XyTvmXkxOKXWuIYtkDaYPZrIAUt1T/7FQ==",
      "license": "MIT",
      "dependencies": {
        "iceberg-js": "^0.8.1",
        "tslib": "2.8.1"
      },
      "engines": {
        "node": ">=22.0.0"
      }
    },
    "node_modules/@supabase/supabase-js": {
      "version": "2.117.2",
      "resolved": "https://registry.npmjs.org/@supabase/supabase-js/-/supabase-js-2.117.2.tgz",
      "integrity": "sha512-eSG2VKnHR+Clp1PmidZ1/weJ8PJwoybjva3L2GgKqFG4YDS1Iqmc61psKGZP5xw6OMT2O7ZorPR42PY6q1BOXg==",
      "license": "MIT",
      "dependencies": {
        "@supabase/auth-js": "2.117.2",
        "@supabase/functions-js": "2.117.2",
        "@supabase/postgrest-js": "2.117.2",
        "@supabase/realtime-js": "2.117.2",
        "@supabase/storage-js": "2.117.2"
      },
      "engines": {
        "node": ">=22.0.0"
      },
      "peerDependencies": {
        "@opentelemetry/api": ">=1.0.0"
      },
      "peerDependenciesMeta": {
        "@opentelemetry/api": {
          "optional": true
        }
      }
    },
    "node_modules/@tanstack/query-core": {
      "version": "5.104.1",
      "resolved": "https://registry.npmjs.org/@tanstack/query-core/-/query-core-5.104.1.tgz",
      "integrity": "sha512-TiRghcrGkUTE+M4JBxvpPSpBhxvIzQairw+cksrHYGr+2uwC77yW1SY9nYxnYRYOppvucf8rEg6b5byoz4rTpw==",
      "license": "MIT",
      "funding": {
        "type": "github",
        "url": "https://github.com/sponsors/tannerlinsley"
      }
    },
    "node_modules/@tanstack/react-query": {
      "version": "5.104.1",
      "resolved": "https://registry.npmjs.org/@tanstack/react-query/-/react-query-5.104.1.tgz",
      "integrity": "sha512-Zz70EgjahNI7aCz8BZxM3vUGU44ycxEAzMuCUjLeA7SVhhOkg3ZgPjPJPvHjs6Rmky/dtmnu1WzjGHNHmhCoZQ==",
      "license": "MIT",
      "dependencies": {
        "@tanstack/query-core": "5.104.1"
      },
      "funding": {
        "type": "github",
        "url": "https://github.com/sponsors/tannerlinsley"
      },
      "peerDependencies": {
        "react": "^18 || ^19"
      }
    },
    "node_modules/date-fns": {
      "version": "4.4.0",
      "resolved": "https://registry.npmjs.org/date-fns/-/date-fns-4.4.0.tgz",
      "integrity": "sha512-+1UMbeh68lH1SegH83CGWwpb6OHHbpSgr3+s5Eww5M4CAgswBpoWS0AjTOfEJ33HiYKz1hdj/KTFprzXHmq/6w==",
      "license": "MIT",
      "funding": {
        "type": "github",
        "url": "https://github.com/sponsors/kossnocorp"
      }
    },
    "node_modules/iceberg-js": {
      "version": "0.8.1",
      "resolved": "https://registry.npmjs.org/iceberg-js/-/iceberg-js-0.8.1.tgz",
      "integrity": "sha512-1dhVQZXhcHje7798IVM+xoo/1ZdVfzOMIc8/rgVSijRK38EDqOJoGula9N/8ZI5RD8QTxNQtK/Gozpr+qUqRRA==",
      "license": "MIT",
      "engines": {
        "node": ">=20.0.0"
      }
    },
    "node_modules/js-tokens": {
      "version": "4.0.0",
      "resolved": "https://registry.npmjs.org/js-tokens/-/js-tokens-4.0.0.tgz",
      "integrity": "sha512-RdJUflcE3cUzKiMqQgsCu06FPu9UdIJO0beYbPhHN4k6apgJtifcoCtT9bcxOpYBtpD2kCM6Sbzg4CausW/PKQ==",
      "license": "MIT"
    },
    "node_modules/loose-envify": {
      "version": "1.4.0",
      "resolved": "https://registry.npmjs.org/loose-envify/-/loose-envify-1.4.0.tgz",
      "integrity": "sha512-lyuxPGr/Wfhrlem2CL/UcnUc1zcqKAImBDzukY7Y5F/yQiNdko6+fRLevlw1HgMySw7f611UIY408EtxRSoK3Q==",
      "license": "MIT",
      "dependencies": {
        "js-tokens": "^3.0.0 || ^4.0.0"
      },
      "bin": {
        "loose-envify": "cli.js"
      }
    },
    "node_modules/react": {
      "version": "18.3.1",
      "resolved": "https://registry.npmjs.org/react/-/react-18.3.1.tgz",
      "integrity": "sha512-wS+hAgJShR0KhEvPJArfuPVN1+Hz1t0Y6n5jLrGQbkb4urgPE/0Rve+1kMB1v/oWgHgm4WIcV+i7F2pTVj+2iQ==",
      "license": "MIT",
      "dependencies": {
        "loose-envify": "^1.1.0"
      },
      "engines": {
        "node": ">=0.10.0"
      }
    },
    "node_modules/react-dom": {
      "version": "18.3.1",
      "resolved": "https://registry.npmjs.org/react-dom/-/react-dom-18.3.1.tgz",
      "integrity": "sha512-5m4nQKp+rZRb09LNH59GM4BxTh9251/ylbKIbpe7TpGxfJ+9kv6BLkLBXIjjspbgbnIBNqlI23tRnTWT0snUIw==",
      "license": "MIT",
      "dependencies": {
        "loose-envify": "^1.1.0",
        "scheduler": "^0.23.2"
      },
      "peerDependencies": {
        "react": "^18.3.1"
      }
    },
    "node_modules/react-hook-form": {
      "version": "7.89.0",
      "resolved": "https://registry.npmjs.org/react-hook-form/-/react-hook-form-7.89.0.tgz",
      "integrity": "sha512-vKcoCfy8RKZDrhSdqsRFp0uEOdS1AhLjOL6hR7Wmfzg1akNxEhaPf5WORx8SgEQPVXakdDyDkqQp+KNxVnnPHg==",
      "license": "MIT",
      "engines": {
        "node": ">=18.0.0"
      },
      "funding": {
        "type": "opencollective",
        "url": "https://opencollective.com/react-hook-form"
      },
      "peerDependencies": {
        "@types/react": "*",
        "react": "^16.8.0 || ^17 || ^18 || ^19"
      },
      "peerDependenciesMeta": {
        "@types/react": {
          "optional": true
        }
      }
    },
    "node_modules/react-router": {
      "version": "6.30.6",
      "resolved": "https://registry.npmjs.org/react-router/-/react-router-6.30.6.tgz",
      "integrity": "sha512-5HfK7k5im7LTOB0EqCQmfvy4C13G92Ssj1VTmouTK3AJvyjKTnFuCV0vcMAD/JS+JC4DvDIBRrlAeJIFjh5VWg==",
      "license": "MIT",
      "dependencies": {
        "@remix-run/router": "1.23.4"
      },
      "engines": {
        "node": ">=14.0.0"
      },
      "peerDependencies": {
        "react": ">=16.8"
      }
    },
    "node_modules/react-router-dom": {
      "version": "6.30.6",
      "resolved": "https://registry.npmjs.org/react-router-dom/-/react-router-dom-6.30.6.tgz",
      "integrity": "sha512-0RHKZz7wwffvkU+2MFVT2NnjK44ssLEV+m0CAJaS2Ksmorrwj7WxH00jO0SOCW26/tINUnJHToXblDs33I38YQ==",
      "license": "MIT",
      "dependencies": {
        "@remix-run/router": "1.23.4",
        "react-router": "6.30.6"
      },
      "engines": {
        "node": ">=14.0.0"
      },
      "peerDependencies": {
        "react": ">=16.8",
        "react-dom": ">=16.8"
      }
    },
    "node_modules/scheduler": {
      "version": "0.23.2",
      "resolved": "https://registry.npmjs.org/scheduler/-/scheduler-0.23.2.tgz",
      "integrity": "sha512-UOShsPwz7NrMUqhR6t0hWjFduvOzbtv7toDH1/hIrfRNIDBnnBWd0CwJTGvTpngVlmwGCdP9/Zl/tVrDqcuYzQ==",
      "license": "MIT",
      "dependencies": {
        "loose-envify": "^1.1.0"
      }
    },
    "node_modules/tslib": {
      "version": "2.8.1",
      "resolved": "https://registry.npmjs.org/tslib/-/tslib-2.8.1.tgz",
      "integrity": "sha512-oJFu94HQb+KVduSUQL7wnpmqnfmLsOA/nAh6b6EH0wCEoK0/mPeXU6c3wKDV83MkOuHPRHtSXKKU99IBazS/2w==",
      "license": "0BSD"
    },
    "node_modules/zod": {
      "version": "4.6.5",
      "resolved": "https://registry.npmjs.org/zod/-/zod-4.6.5.tgz",
      "integrity": "sha512-v5l/aFXZQeai4awLbOpSoHecE9UiMrnfx75tEXLjNonXVARxQ5mOeipTjROUchszUNCqnE+hqAMujRsRHsut2Q==",
      "license": "MIT",
      "funding": {
        "url": "https://github.com/sponsors/colinhacks"
      }
    }
  }
}
